
Microsoft Visual Studio Solution File, Format Version 12.00
# Visual Studio 16
Project("{FAE04EC0-301F-11D3-BF4B-00C04F79EFBC}") = "Assembly-CSharp-firstpass", "Assembly-CSharp-firstpass.csproj", "{736E2A02-5CB4-7622-2616-B99D69C92E91}"
EndProject
Project("{FAE04EC0-301F-11D3-BF4B-00C04F79EFBC}") = "Assembly-CSharp", "Assembly-CSharp.csproj", "{630EDBD6-9835-5694-D6CC-4D84F7B283FD}"
EndProject
Global
	GlobalSection(SolutionConfigurationPlatforms) = preSolution
		Debug|Any CPU = Debug|Any CPU
		Release|Any CPU = Release|Any CPU
	EndGlobalSection
	GlobalSection(ProjectConfigurationPlatforms) = postSolution
		{736E2A02-5CB4-7622-2616-B99D69C92E91}.Debug|Any CPU.ActiveCfg = Debug|Any CPU
		{736E2A02-5CB4-7622-2616-B99D69C92E91}.Debug|Any CPU.Build.0 = Debug|Any CPU
		{736E2A02-5CB4-7622-2616-B99D69C92E91}.Release|Any CPU.ActiveCfg = Release|Any CPU
		{736E2A02-5CB4-7622-2616-B99D69C92E91}.Release|Any CPU.Build.0 = Release|Any CPU
		{630EDBD6-9835-5694-D6CC-4D84F7B283FD}.Debug|Any CPU.ActiveCfg = Debug|Any CPU
		{630EDBD6-9835-5694-D6CC-4D84F7B283FD}.Debug|Any CPU.Build.0 = Debug|Any CPU
		{630EDBD6-9835-5694-D6CC-4D84F7B283FD}.Release|Any CPU.ActiveCfg = Release|Any CPU
		{630EDBD6-9835-5694-D6CC-4D84F7B283FD}.Release|Any CPU.Build.0 = Release|Any CPU
	EndGlobalSection
	GlobalSection(SolutionProperties) = preSolution
		HideSolutionNode = FALSE
	EndGlobalSection
EndGlobal
